
Microsoft Visual Studio Solution File, Format Version 12.00
# Visual Studio Version 16
VisualStudioVersion = 16.0.30907.101
MinimumVisualStudioVersion = 10.0.40219.1
Project("{FAE04EC0-301F-11D3-BF4B-00C04F79EFBC}") = "Vullis", "Vullis\Vullis.csproj", "{AC29A81C-D497-425D-A522-C6D664711CD6}"
EndProject
Global
	GlobalSection(SolutionConfigurationPlatforms) = preSolution
		Debug|Any CPU = Debug|Any CPU
		Release|Any CPU = Release|Any CPU
	EndGlobalSection
	GlobalSection(ProjectConfigurationPlatforms) = postSolution
		{AC29A81C-D497-425D-A522-C6D664711CD6}.Debug|Any CPU.ActiveCfg = Debug|Any CPU
		{AC29A81C-D497-425D-A522-C6D664711CD6}.Debug|Any CPU.Build.0 = Debug|Any CPU
		{AC29A81C-D497-425D-A522-C6D664711CD6}.Release|Any CPU.ActiveCfg = Release|Any CPU
		{AC29A81C-D497-425D-A522-C6D664711CD6}.Release|Any CPU.Build.0 = Release|Any CPU
	EndGlobalSection
	GlobalSection(SolutionProperties) = preSolution
		HideSolutionNode = FALSE
	EndGlobalSection
	GlobalSection(ExtensibilityGlobals) = postSolution
		SolutionGuid = {D9D88E67-3847-4774-96C5-985FBE7CC341}
	EndGlobalSection
EndGlobal
